
Microsoft Visual Studio Solution File, Format Version 12.00
# Visual Studio 15
VisualStudioVersion = 15.0.28307.960
MinimumVisualStudioVersion = 10.0.40219.1
Project("{FAE04EC0-301F-11D3-BF4B-00C04F79EFBC}") = "ZuberSample", "ZuberSample\ZuberSample.csproj", "{18CED7A0-52C0-4DBE-8693-60C22E1B5711}"
EndProject
Global
	GlobalSection(SolutionConfigurationPlatforms) = preSolution
		Debug|Any CPU = Debug|Any CPU
		Release|Any CPU = Release|Any CPU
	EndGlobalSection
	GlobalSection(ProjectConfigurationPlatforms) = postSolution
		{18CED7A0-52C0-4DBE-8693-60C22E1B5711}.Debug|Any CPU.ActiveCfg = Debug|Any CPU
		{18CED7A0-52C0-4DBE-8693-60C22E1B5711}.Debug|Any CPU.Build.0 = Debug|Any CPU
		{18CED7A0-52C0-4DBE-8693-60C22E1B5711}.Release|Any CPU.ActiveCfg = Release|Any CPU
		{18CED7A0-52C0-4DBE-8693-60C22E1B5711}.Release|Any CPU.Build.0 = Release|Any CPU
	EndGlobalSection
	GlobalSection(SolutionProperties) = preSolution
		HideSolutionNode = FALSE
	EndGlobalSection
	GlobalSection(ExtensibilityGlobals) = postSolution
		SolutionGuid = {B5B09659-937B-4721-B0C3-AD4CE34B95B8}
	EndGlobalSection
EndGlobal
